
Microsoft Visual Studio Solution File, Format Version 12.00
# Visual Studio Version 17
VisualStudioVersion = 17.8.34330.188
MinimumVisualStudioVersion = 10.0.40219.1
Project("{FAE04EC0-301F-11D3-BF4B-00C04F79EFBC}") = "CarCareTracker", "CarCareTracker.csproj", "{0DB85611-6555-4127-A66E-DADD25A16526}"
EndProject
Global
	GlobalSection(SolutionConfigurationPlatforms) = preSolution
		Debug|Any CPU = Debug|Any CPU
		Release|Any CPU = Release|Any CPU
	EndGlobalSection
	GlobalSection(ProjectConfigurationPlatforms) = postSolution
		{0DB85611-6555-4127-A66E-DADD25A16526}.Debug|Any CPU.ActiveCfg = Debug|Any CPU
		{0DB85611-6555-4127-A66E-DADD25A16526}.Debug|Any CPU.Build.0 = Debug|Any CPU
		{0DB85611-6555-4127-A66E-DADD25A16526}.Release|Any CPU.ActiveCfg = Release|Any CPU
		{0DB85611-6555-4127-A66E-DADD25A16526}.Release|Any CPU.Build.0 = Release|Any CPU
	EndGlobalSection
	GlobalSection(SolutionProperties) = preSolution
		HideSolutionNode = FALSE
	EndGlobalSection
	GlobalSection(ExtensibilityGlobals) = postSolution
		SolutionGuid = {E1B446D5-E91D-47E5-819B-1902378770D7}
	EndGlobalSection
EndGlobal
